// !$*UTF8*$!
{
	archiveVersion = 1;
	classes = {
	};
	objectVersion = 46;
	objects = {

/* Begin PBXBuildFile section */
		63A21CFB14D5EC93007FF709 /* PasteBin in Resources */ = {isa = PBXBuildFile; fileRef = 63A21CFA14D5EC93007FF709 /* PasteBin */; };
		63A21D4914D6EE99007FF709 /* Commands.c in Sources */ = {isa = PBXBuildFile; fileRef = 63A21D4814D6EE99007FF709 /* Commands.c */; };
		63A21D4A14D712A5007FF709 /* Commands.c in Sources */ = {isa = PBXBuildFile; fileRef = 63A21D4814D6EE99007FF709 /* Commands.c */; };
		63A21D4D14D722CE007FF709 /* Evaluator.c in Sources */ = {isa = PBXBuildFile; fileRef = 63A21D4C14D722CE007FF709 /* Evaluator.c */; };
		63C6689114D4EE3800E24065 /* UIKit.framework in Frameworks */ = {isa = PBXBuildFile; fileRef = 63C6689014D4EE3800E24065 /* UIKit.framework */; };
		63C6689314D4EE3800E24065 /* Foundation.framework in Frameworks */ = {isa = PBXBuildFile; fileRef = 63C6689214D4EE3800E24065 /* Foundation.framework */; };
		63C6689514D4EE3800E24065 /* CoreGraphics.framework in Frameworks */ = {isa = PBXBuildFile; fileRef = 63C6689414D4EE3800E24065 /* CoreGraphics.framework */; };
		63C6689714D4EE3800E24065 /* GLKit.framework in Frameworks */ = {isa = PBXBuildFile; fileRef = 63C6689614D4EE3800E24065 /* GLKit.framework */; };
		63C6689914D4EE3800E24065 /* OpenGLES.framework in Frameworks */ = {isa = PBXBuildFile; fileRef = 63C6689814D4EE3800E24065 /* OpenGLES.framework */; };
		63C6689F14D4EE3800E24065 /* InfoPlist.strings in Resources */ = {isa = PBXBuildFile; fileRef = 63C6689D14D4EE3800E24065 /* InfoPlist.strings */; };
		63C668A114D4EE3800E24065 /* main.m in Sources */ = {isa = PBXBuildFile; fileRef = 63C668A014D4EE3800E24065 /* main.m */; };
		63C668A514D4EE3800E24065 /* AppDelegate.m in Sources */ = {isa = PBXBuildFile; fileRef = 63C668A414D4EE3800E24065 /* AppDelegate.m */; };
		63C668A714D4EE3800E24065 /* Shader.fsh in Resources */ = {isa = PBXBuildFile; fileRef = 63C668A614D4EE3800E24065 /* Shader.fsh */; };
		63C668A914D4EE3800E24065 /* Shader.vsh in Resources */ = {isa = PBXBuildFile; fileRef = 63C668A814D4EE3800E24065 /* Shader.vsh */; };
		63C668AC14D4EE3800E24065 /* ViewController.m in Sources */ = {isa = PBXBuildFile; fileRef = 63C668AB14D4EE3800E24065 /* ViewController.m */; };
		63C668AF14D4EE3800E24065 /* ViewController.xib in Resources */ = {isa = PBXBuildFile; fileRef = 63C668AD14D4EE3800E24065 /* ViewController.xib */; };
		63C668B714D4EE3800E24065 /* SenTestingKit.framework in Frameworks */ = {isa = PBXBuildFile; fileRef = 63C668B614D4EE3800E24065 /* SenTestingKit.framework */; };
		63C668B814D4EE3800E24065 /* UIKit.framework in Frameworks */ = {isa = PBXBuildFile; fileRef = 63C6689014D4EE3800E24065 /* UIKit.framework */; };
		63C668B914D4EE3800E24065 /* Foundation.framework in Frameworks */ = {isa = PBXBuildFile; fileRef = 63C6689214D4EE3800E24065 /* Foundation.framework */; };
		63C668C114D4EE3800E24065 /* InfoPlist.strings in Resources */ = {isa = PBXBuildFile; fileRef = 63C668BF14D4EE3800E24065 /* InfoPlist.strings */; };
		63C668C414D4EE3800E24065 /* BabyMorpher2Tests.m in Sources */ = {isa = PBXBuildFile; fileRef = 63C668C314D4EE3800E24065 /* BabyMorpher2Tests.m */; };
		63C668D314D5EAF400E24065 /* CommandMakers.cpp in Sources */ = {isa = PBXBuildFile; fileRef = 63C668D214D5EAF300E24065 /* CommandMakers.cpp */; };
/* End PBXBuildFile section */

/* Begin PBXContainerItemProxy section */
		63C668BA14D4EE3800E24065 /* PBXContainerItemProxy */ = {
			isa = PBXContainerItemProxy;
			containerPortal = 63C6688314D4EE3800E24065 /* Project object */;
			proxyType = 1;
			remoteGlobalIDString = 63C6688B14D4EE3800E24065;
			remoteInfo = BabyMorpher2;
		};
/* End PBXContainerItemProxy section */

/* Begin PBXFileReference section */
		63A21CFA14D5EC93007FF709 /* PasteBin */ = {isa = PBXFileReference; fileEncoding = 4; lastKnownFileType = text; path = PasteBin; sourceTree = "<group>"; };
		63A21D4814D6EE99007FF709 /* Commands.c */ = {isa = PBXFileReference; fileEncoding = 4; lastKnownFileType = sourcecode.c.c; path = Commands.c; sourceTree = "<group>"; };
		63A21D4B14D722AA007FF709 /* Evaluator.h */ = {isa = PBXFileReference; fileEncoding = 4; lastKnownFileType = sourcecode.c.h; path = Evaluator.h; sourceTree = "<group>"; };
		63A21D4C14D722CE007FF709 /* Evaluator.c */ = {isa = PBXFileReference; fileEncoding = 4; lastKnownFileType = sourcecode.c.c; path = Evaluator.c; sourceTree = "<group>"; };
		63C6688C14D4EE3800E24065 /* BabyMorpher2.app */ = {isa = PBXFileReference; explicitFileType = wrapper.application; includeInIndex = 0; path = BabyMorpher2.app; sourceTree = BUILT_PRODUCTS_DIR; };
		63C6689014D4EE3800E24065 /* UIKit.framework */ = {isa = PBXFileReference; lastKnownFileType = wrapper.framework; name = UIKit.framework; path = System/Library/Frameworks/UIKit.framework; sourceTree = SDKROOT; };
		63C6689214D4EE3800E24065 /* Foundation.framework */ = {isa = PBXFileReference; lastKnownFileType = wrapper.framework; name = Foundation.framework; path = System/Library/Frameworks/Foundation.framework; sourceTree = SDKROOT; };
		63C6689414D4EE3800E24065 /* CoreGraphics.framework */ = {isa = PBXFileReference; lastKnownFileType = wrapper.framework; name = CoreGraphics.framework; path = System/Library/Frameworks/CoreGraphics.framework; sourceTree = SDKROOT; };
		63C6689614D4EE3800E24065 /* GLKit.framework */ = {isa = PBXFileReference; lastKnownFileType = wrapper.framework; name = GLKit.framework; path = System/Library/Frameworks/GLKit.framework; sourceTree = SDKROOT; };
		63C6689814D4EE3800E24065 /* OpenGLES.framework */ = {isa = PBXFileReference; lastKnownFileType = wrapper.framework; name = OpenGLES.framework; path = System/Library/Frameworks/OpenGLES.framework; sourceTree = SDKROOT; };
		63C6689C14D4EE3800E24065 /* BabyMorpher2-Info.plist */ = {isa = PBXFileReference; lastKnownFileType = text.plist.xml; path = "BabyMorpher2-Info.plist"; sourceTree = "<group>"; };
		63C6689E14D4EE3800E24065 /* en */ = {isa = PBXFileReference; lastKnownFileType = text.plist.strings; name = en; path = en.lproj/InfoPlist.strings; sourceTree = "<group>"; };
		63C668A014D4EE3800E24065 /* main.m */ = {isa = PBXFileReference; lastKnownFileType = sourcecode.c.objc; path = main.m; sourceTree = "<group>"; };
		63C668A214D4EE3800E24065 /* BabyMorpher2-Prefix.pch */ = {isa = PBXFileReference; lastKnownFileType = sourcecode.c.h; path = "BabyMorpher2-Prefix.pch"; sourceTree = "<group>"; };
		63C668A314D4EE3800E24065 /* AppDelegate.h */ = {isa = PBXFileReference; lastKnownFileType = sourcecode.c.h; path = AppDelegate.h; sourceTree = "<group>"; };
		63C668A414D4EE3800E24065 /* AppDelegate.m */ = {isa = PBXFileReference; lastKnownFileType = sourcecode.c.objc; path = AppDelegate.m; sourceTree = "<group>"; };
		63C668A614D4EE3800E24065 /* Shader.fsh */ = {isa = PBXFileReference; lastKnownFileType = sourcecode.glsl; name = Shader.fsh; path = Shaders/Shader.fsh; sourceTree = "<group>"; };
		63C668A814D4EE3800E24065 /* Shader.vsh */ = {isa = PBXFileReference; lastKnownFileType = sourcecode.glsl; name = Shader.vsh; path = Shaders/Shader.vsh; sourceTree = "<group>"; };
		63C668AA14D4EE3800E24065 /* ViewController.h */ = {isa = PBXFileReference; lastKnownFileType = sourcecode.c.h; path = ViewController.h; sourceTree = "<group>"; };
		63C668AB14D4EE3800E24065 /* ViewController.m */ = {isa = PBXFileReference; lastKnownFileType = sourcecode.c.objc; path = ViewController.m; sourceTree = "<group>"; };
		63C668AE14D4EE3800E24065 /* en */ = {isa = PBXFileReference; lastKnownFileType = file.xib; name = en; path = en.lproj/ViewController.xib; sourceTree = "<group>"; };
		63C668B514D4EE3800E24065 /* BabyMorpher2Tests.octest */ = {isa = PBXFileReference; explicitFileType = wrapper.cfbundle; includeInIndex = 0; path = BabyMorpher2Tests.octest; sourceTree = BUILT_PRODUCTS_DIR; };
		63C668B614D4EE3800E24065 /* SenTestingKit.framework */ = {isa = PBXFileReference; lastKnownFileType = wrapper.framework; name = SenTestingKit.framework; path = Library/Frameworks/SenTestingKit.framework; sourceTree = DEVELOPER_DIR; };
		63C668BE14D4EE3800E24065 /* BabyMorpher2Tests-Info.plist */ = {isa = PBXFileReference; lastKnownFileType = text.plist.xml; path = "BabyMorpher2Tests-Info.plist"; sourceTree = "<group>"; };
		63C668C014D4EE3800E24065 /* en */ = {isa = PBXFileReference; lastKnownFileType = text.plist.strings; name = en; path = en.lproj/InfoPlist.strings; sourceTree = "<group>"; };
		63C668C214D4EE3800E24065 /* BabyMorpher2Tests.h */ = {isa = PBXFileReference; lastKnownFileType = sourcecode.c.h; path = BabyMorpher2Tests.h; sourceTree = "<group>"; };
		63C668C314D4EE3800E24065 /* BabyMorpher2Tests.m */ = {isa = PBXFileReference; lastKnownFileType = sourcecode.c.objc; path = BabyMorpher2Tests.m; sourceTree = "<group>"; };
		63C668CD14D4EE8D00E24065 /* Commands.h */ = {isa = PBXFileReference; fileEncoding = 4; lastKnownFileType = sourcecode.c.h; path = Commands.h; sourceTree = "<group>"; };
		63C668D114D5E5BC00E24065 /* CommandMakers.h */ = {isa = PBXFileReference; fileEncoding = 4; lastKnownFileType = sourcecode.c.h; path = CommandMakers.h; sourceTree = "<group>"; };
		63C668D214D5EAF300E24065 /* CommandMakers.cpp */ = {isa = PBXFileReference; fileEncoding = 4; lastKnownFileType = sourcecode.cpp.cpp; name = CommandMakers.cpp; path = ../CommandMakers.cpp; sourceTree = "<group>"; };
/* End PBXFileReference section */

/* Begin PBXFrameworksBuildPhase section */
		63C6688914D4EE3800E24065 /* Frameworks */ = {
			isa = PBXFrameworksBuildPhase;
			buildActionMask = 2147483647;
			files = (
				63C6689114D4EE3800E24065 /* UIKit.framework in Frameworks */,
				63C6689314D4EE3800E24065 /* Foundation.framework in Frameworks */,
				63C6689514D4EE3800E24065 /* CoreGraphics.framework in Frameworks */,
				63C6689714D4EE3800E24065 /* GLKit.framework in Frameworks */,
				63C6689914D4EE3800E24065 /* OpenGLES.framework in Frameworks */,
			);
			runOnlyForDeploymentPostprocessing = 0;
		};
		63C668B114D4EE3800E24065 /* Frameworks */ = {
			isa = PBXFrameworksBuildPhase;
			buildActionMask = 2147483647;
			files = (
				63C668B714D4EE3800E24065 /* SenTestingKit.framework in Frameworks */,
				63C668B814D4EE3800E24065 /* UIKit.framework in Frameworks */,
				63C668B914D4EE3800E24065 /* Foundation.framework in Frameworks */,
			);
			runOnlyForDeploymentPostprocessing = 0;
		};
/* End PBXFrameworksBuildPhase section */

/* Begin PBXGroup section */
		63C6688114D4EE3800E24065 = {
			isa = PBXGroup;
			children = (
				63C6689A14D4EE3800E24065 /* BabyMorpher2 */,
				63C668BC14D4EE3800E24065 /* BabyMorpher2Tests */,
				63C6688F14D4EE3800E24065 /* Frameworks */,
				63C6688D14D4EE3800E24065 /* Products */,
			);
			sourceTree = "<group>";
		};
		63C6688D14D4EE3800E24065 /* Products */ = {
			isa = PBXGroup;
			children = (
				63C6688C14D4EE3800E24065 /* BabyMorpher2.app */,
				63C668B514D4EE3800E24065 /* BabyMorpher2Tests.octest */,
			);
			name = Products;
			sourceTree = "<group>";
		};
		63C6688F14D4EE3800E24065 /* Frameworks */ = {
			isa = PBXGroup;
			children = (
				63C6689014D4EE3800E24065 /* UIKit.framework */,
				63C6689214D4EE3800E24065 /* Foundation.framework */,
				63C6689414D4EE3800E24065 /* CoreGraphics.framework */,
				63C6689614D4EE3800E24065 /* GLKit.framework */,
				63C6689814D4EE3800E24065 /* OpenGLES.framework */,
				63C668B614D4EE3800E24065 /* SenTestingKit.framework */,
			);
			name = Frameworks;
			sourceTree = "<group>";
		};
		63C6689A14D4EE3800E24065 /* BabyMorpher2 */ = {
			isa = PBXGroup;
			children = (
				63C668A314D4EE3800E24065 /* AppDelegate.h */,
				63C668A414D4EE3800E24065 /* AppDelegate.m */,
				63C668A614D4EE3800E24065 /* Shader.fsh */,
				63C668A814D4EE3800E24065 /* Shader.vsh */,
				63C668AA14D4EE3800E24065 /* ViewController.h */,
				63C668AB14D4EE3800E24065 /* ViewController.m */,
				63C668AD14D4EE3800E24065 /* ViewController.xib */,
				63C6689B14D4EE3800E24065 /* Supporting Files */,
				63C668CD14D4EE8D00E24065 /* Commands.h */,
				63A21D4814D6EE99007FF709 /* Commands.c */,
				63C668D114D5E5BC00E24065 /* CommandMakers.h */,
				63C668D214D5EAF300E24065 /* CommandMakers.cpp */,
				63A21CFA14D5EC93007FF709 /* PasteBin */,
				63A21D4B14D722AA007FF709 /* Evaluator.h */,
				63A21D4C14D722CE007FF709 /* Evaluator.c */,
			);
			path = BabyMorpher2;
			sourceTree = "<group>";
		};
		63C6689B14D4EE3800E24065 /* Supporting Files */ = {
			isa = PBXGroup;
			children = (
				63C6689C14D4EE3800E24065 /* BabyMorpher2-Info.plist */,
				63C6689D14D4EE3800E24065 /* InfoPlist.strings */,
				63C668A014D4EE3800E24065 /* main.m */,
				63C668A214D4EE3800E24065 /* BabyMorpher2-Prefix.pch */,
			);
			name = "Supporting Files";
			sourceTree = "<group>";
		};
		63C668BC14D4EE3800E24065 /* BabyMorpher2Tests */ = {
			isa = PBXGroup;
			children = (
				63C668C214D4EE3800E24065 /* BabyMorpher2Tests.h */,
				63C668C314D4EE3800E24065 /* BabyMorpher2Tests.m */,
				63C668BD14D4EE3800E24065 /* Supporting Files */,
			);
			path = BabyMorpher2Tests;
			sourceTree = "<group>";
		};
		63C668BD14D4EE3800E24065 /* Supporting Files */ = {
			isa = PBXGroup;
			children = (
				63C668BE14D4EE3800E24065 /* BabyMorpher2Tests-Info.plist */,
				63C668BF14D4EE3800E24065 /* InfoPlist.strings */,
			);
			name = "Supporting Files";
			sourceTree = "<group>";
		};
/* End PBXGroup section */

/* Begin PBXNativeTarget section */
		63C6688B14D4EE3800E24065 /* BabyMorpher2 */ = {
			isa = PBXNativeTarget;
			buildConfigurationList = 63C668C714D4EE3800E24065 /* Build configuration list for PBXNativeTarget "BabyMorpher2" */;
			buildPhases = (
				63C6688814D4EE3800E24065 /* Sources */,
				63C6688914D4EE3800E24065 /* Frameworks */,
				63C6688A14D4EE3800E24065 /* Resources */,
			);
			buildRules = (
			);
			dependencies = (
			);
			name = BabyMorpher2;
			productName = BabyMorpher2;
			productReference = 63C6688C14D4EE3800E24065 /* BabyMorpher2.app */;
			productType = "com.apple.product-type.application";
		};
		63C668B414D4EE3800E24065 /* BabyMorpher2Tests */ = {
			isa = PBXNativeTarget;
			buildConfigurationList = 63C668CA14D4EE3800E24065 /* Build configuration list for PBXNativeTarget "BabyMorpher2Tests" */;
			buildPhases = (
				63C668B014D4EE3800E24065 /* Sources */,
				63C668B114D4EE3800E24065 /* Frameworks */,
				63C668B214D4EE3800E24065 /* Resources */,
				63C668B314D4EE3800E24065 /* ShellScript */,
			);
			buildRules = (
			);
			dependencies = (
				63C668BB14D4EE3800E24065 /* PBXTargetDependency */,
			);
			name = BabyMorpher2Tests;
			productName = BabyMorpher2Tests;
			productReference = 63C668B514D4EE3800E24065 /* BabyMorpher2Tests.octest */;
			productType = "com.apple.product-type.bundle";
		};
/* End PBXNativeTarget section */

/* Begin PBXProject section */
		63C6688314D4EE3800E24065 /* Project object */ = {
			isa = PBXProject;
			attributes = {
				LastUpgradeCheck = 0420;
			};
			buildConfigurationList = 63C6688614D4EE3800E24065 /* Build configuration list for PBXProject "BabyMorpher2" */;
			compatibilityVersion = "Xcode 3.2";
			developmentRegion = English;
			hasScannedForEncodings = 0;
			knownRegions = (
				en,
			);
			mainGroup = 63C6688114D4EE3800E24065;
			productRefGroup = 63C6688D14D4EE3800E24065 /* Products */;
			projectDirPath = "";
			projectRoot = "";
			targets = (
				63C6688B14D4EE3800E24065 /* BabyMorpher2 */,
				63C668B414D4EE3800E24065 /* BabyMorpher2Tests */,
			);
		};
/* End PBXProject section */

/* Begin PBXResourcesBuildPhase section */
		63C6688A14D4EE3800E24065 /* Resources */ = {
			isa = PBXResourcesBuildPhase;
			buildActionMask = 2147483647;
			files = (
				63C6689F14D4EE3800E24065 /* InfoPlist.strings in Resources */,
				63C668A714D4EE3800E24065 /* Shader.fsh in Resources */,
				63C668A914D4EE3800E24065 /* Shader.vsh in Resources */,
				63C668AF14D4EE3800E24065 /* ViewController.xib in Resources */,
				63A21CFB14D5EC93007FF709 /* PasteBin in Resources */,
			);
			runOnlyForDeploymentPostprocessing = 0;
		};
		63C668B214D4EE3800E24065 /* Resources */ = {
			isa = PBXResourcesBuildPhase;
			buildActionMask = 2147483647;
			files = (
				63C668C114D4EE3800E24065 /* InfoPlist.strings in Resources */,
			);
			runOnlyForDeploymentPostprocessing = 0;
		};
/* End PBXResourcesBuildPhase section */

/* Begin PBXShellScriptBuildPhase section */
		63C668B314D4EE3800E24065 /* ShellScript */ = {
			isa = PBXShellScriptBuildPhase;
			buildActionMask = 2147483647;
			files = (
			);
			inputPaths = (
			);
			outputPaths = (
			);
			runOnlyForDeploymentPostprocessing = 0;
			shellPath = /bin/sh;
			shellScript = "# Run the unit tests in this test bundle.\n\"${SYSTEM_DEVELOPER_DIR}/Tools/RunUnitTests\"\n";
		};
/* End PBXShellScriptBuildPhase section */

/* Begin PBXSourcesBuildPhase section */
		63C6688814D4EE3800E24065 /* Sources */ = {
			isa = PBXSourcesBuildPhase;
			buildActionMask = 2147483647;
			files = (
				63C668A114D4EE3800E24065 /* main.m in Sources */,
				63C668A514D4EE3800E24065 /* AppDelegate.m in Sources */,
				63A21D4914D6EE99007FF709 /* Commands.c in Sources */,
				63C668AC14D4EE3800E24065 /* ViewController.m in Sources */,
				63C668D314D5EAF400E24065 /* CommandMakers.cpp in Sources */,
				63A21D4D14D722CE007FF709 /* Evaluator.c in Sources */,
			);
			runOnlyForDeploymentPostprocessing = 0;
		};
		63C668B014D4EE3800E24065 /* Sources */ = {
			isa = PBXSourcesBuildPhase;
			buildActionMask = 2147483647;
			files = (
				63C668C414D4EE3800E24065 /* BabyMorpher2Tests.m in Sources */,
				63A21D4A14D712A5007FF709 /* Commands.c in Sources */,
			);
			runOnlyForDeploymentPostprocessing = 0;
		};
/* End PBXSourcesBuildPhase section */

/* Begin PBXTargetDependency section */
		63C668BB14D4EE3800E24065 /* PBXTargetDependency */ = {
			isa = PBXTargetDependency;
			target = 63C6688B14D4EE3800E24065 /* BabyMorpher2 */;
			targetProxy = 63C668BA14D4EE3800E24065 /* PBXContainerItemProxy */;
		};
/* End PBXTargetDependency section */

/* Begin PBXVariantGroup section */
		63C6689D14D4EE3800E24065 /* InfoPlist.strings */ = {
			isa = PBXVariantGroup;
			children = (
				63C6689E14D4EE3800E24065 /* en */,
			);
			name = InfoPlist.strings;
			sourceTree = "<group>";
		};
		63C668AD14D4EE3800E24065 /* ViewController.xib */ = {
			isa = PBXVariantGroup;
			children = (
				63C668AE14D4EE3800E24065 /* en */,
			);
			name = ViewController.xib;
			sourceTree = "<group>";
		};
		63C668BF14D4EE3800E24065 /* InfoPlist.strings */ = {
			isa = PBXVariantGroup;
			children = (
				63C668C014D4EE3800E24065 /* en */,
			);
			name = InfoPlist.strings;
			sourceTree = "<group>";
		};
/* End PBXVariantGroup section */

/* Begin XCBuildConfiguration section */
		63C668C514D4EE3800E24065 /* Debug */ = {
			isa = XCBuildConfiguration;
			buildSettings = {
				ALWAYS_SEARCH_USER_PATHS = NO;
				ARCHS = "$(ARCHS_STANDARD_32_BIT)";
				CLANG_ENABLE_OBJC_ARC = YES;
				"CODE_SIGN_IDENTITY[sdk=iphoneos*]" = "iPhone Developer";
				COPY_PHASE_STRIP = NO;
				GCC_C_LANGUAGE_STANDARD = gnu99;
				GCC_DYNAMIC_NO_PIC = NO;
				GCC_OPTIMIZATION_LEVEL = 0;
				GCC_PREPROCESSOR_DEFINITIONS = (
					"DEBUG=1",
					"$(inherited)",
				);
				GCC_SYMBOLS_PRIVATE_EXTERN = NO;
				GCC_VERSION = com.apple.compilers.llvm.clang.1_0;
				GCC_WARN_ABOUT_MISSING_PROTOTYPES = YES;
				GCC_WARN_ABOUT_RETURN_TYPE = YES;
				GCC_WARN_UNUSED_VARIABLE = YES;
				IPHONEOS_DEPLOYMENT_TARGET = 5.0;
				SDKROOT = iphoneos;
			};
			name = Debug;
		};
		63C668C614D4EE3800E24065 /* Release */ = {
			isa = XCBuildConfiguration;
			buildSettings = {
				ALWAYS_SEARCH_USER_PATHS = NO;
				ARCHS = "$(ARCHS_STANDARD_32_BIT)";
				CLANG_ENABLE_OBJC_ARC = YES;
				"CODE_SIGN_IDENTITY[sdk=iphoneos*]" = "iPhone Developer";
				COPY_PHASE_STRIP = YES;
				GCC_C_LANGUAGE_STANDARD = gnu99;
				GCC_VERSION = com.apple.compilers.llvm.clang.1_0;
				GCC_WARN_ABOUT_MISSING_PROTOTYPES = YES;
				GCC_WARN_ABOUT_RETURN_TYPE = YES;
				GCC_WARN_UNUSED_VARIABLE = YES;
				IPHONEOS_DEPLOYMENT_TARGET = 5.0;
				OTHER_CFLAGS = "-DNS_BLOCK_ASSERTIONS=1";
				SDKROOT = iphoneos;
				VALIDATE_PRODUCT = YES;
			};
			name = Release;
		};
		63C668C814D4EE3800E24065 /* Debug */ = {
			isa = XCBuildConfiguration;
			buildSettings = {
				GCC_PRECOMPILE_PREFIX_HEADER = YES;
				GCC_PREFIX_HEADER = "BabyMorpher2/BabyMorpher2-Prefix.pch";
				"GCC_THUMB_SUPPORT[arch=armv6]" = "";
				INFOPLIST_FILE = "BabyMorpher2/BabyMorpher2-Info.plist";
				PRODUCT_NAME = "$(TARGET_NAME)";
				WRAPPER_EXTENSION = app;
			};
			name = Debug;
		};
		63C668C914D4EE3800E24065 /* Release */ = {
			isa = XCBuildConfiguration;
			buildSettings = {
				GCC_PRECOMPILE_PREFIX_HEADER = YES;
				GCC_PREFIX_HEADER = "BabyMorpher2/BabyMorpher2-Prefix.pch";
				"GCC_THUMB_SUPPORT[arch=armv6]" = "";
				INFOPLIST_FILE = "BabyMorpher2/BabyMorpher2-Info.plist";
				PRODUCT_NAME = "$(TARGET_NAME)";
				WRAPPER_EXTENSION = app;
			};
			name = Release;
		};
		63C668CB14D4EE3800E24065 /* Debug */ = {
			isa = XCBuildConfiguration;
			buildSettings = {
				BUNDLE_LOADER = "$(BUILT_PRODUCTS_DIR)/BabyMorpher2.app/BabyMorpher2";
				FRAMEWORK_SEARCH_PATHS = (
					"$(SDKROOT)/Developer/Library/Frameworks",
					"$(DEVELOPER_LIBRARY_DIR)/Frameworks",
				);
				GCC_PRECOMPILE_PREFIX_HEADER = YES;
				GCC_PREFIX_HEADER = "BabyMorpher2/BabyMorpher2-Prefix.pch";
				INFOPLIST_FILE = "BabyMorpher2Tests/BabyMorpher2Tests-Info.plist";
				PRODUCT_NAME = "$(TARGET_NAME)";
				TEST_HOST = "$(BUNDLE_LOADER)";
				WRAPPER_EXTENSION = octest;
			};
			name = Debug;
		};
		63C668CC14D4EE3800E24065 /* Release */ = {
			isa = XCBuildConfiguration;
			buildSettings = {
				BUNDLE_LOADER = "$(BUILT_PRODUCTS_DIR)/BabyMorpher2.app/BabyMorpher2";
				FRAMEWORK_SEARCH_PATHS = (
					"$(SDKROOT)/Developer/Library/Frameworks",
					"$(DEVELOPER_LIBRARY_DIR)/Frameworks",
				);
				GCC_PRECOMPILE_PREFIX_HEADER = YES;
				GCC_PREFIX_HEADER = "BabyMorpher2/BabyMorpher2-Prefix.pch";
				INFOPLIST_FILE = "BabyMorpher2Tests/BabyMorpher2Tests-Info.plist";
				PRODUCT_NAME = "$(TARGET_NAME)";
				TEST_HOST = "$(BUNDLE_LOADER)";
				WRAPPER_EXTENSION = octest;
			};
			name = Release;
		};
/* End XCBuildConfiguration section */

/* Begin XCConfigurationList section */
		63C6688614D4EE3800E24065 /* Build configuration list for PBXProject "BabyMorpher2" */ = {
			isa = XCConfigurationList;
			buildConfigurations = (
				63C668C514D4EE3800E24065 /* Debug */,
				63C668C614D4EE3800E24065 /* Release */,
			);
			defaultConfigurationIsVisible = 0;
			defaultConfigurationName = Release;
		};
		63C668C714D4EE3800E24065 /* Build configuration list for PBXNativeTarget "BabyMorpher2" */ = {
			isa = XCConfigurationList;
			buildConfigurations = (
				63C668C814D4EE3800E24065 /* Debug */,
				63C668C914D4EE3800E24065 /* Release */,
			);
			defaultConfigurationIsVisible = 0;
			defaultConfigurationName = Release;
		};
		63C668CA14D4EE3800E24065 /* Build configuration list for PBXNativeTarget "BabyMorpher2Tests" */ = {
			isa = XCConfigurationList;
			buildConfigurations = (
				63C668CB14D4EE3800E24065 /* Debug */,
				63C668CC14D4EE3800E24065 /* Release */,
			);
			defaultConfigurationIsVisible = 0;
			defaultConfigurationName = Release;
		};
/* End XCConfigurationList section */
	};
	rootObject = 63C6688314D4EE3800E24065 /* Project object */;
}
